<Solution>
  <Project Path="Domain/Domain.csproj" Id="a7722d90-146e-4873-90fa-d2b397f74c14" />
  <Project Path="FunctionalDotNet.Tests/FunctionalDotNet.Tests.csproj" />
  <Project Path="FunctionalDotNet/FunctionalDotNet.csproj" />
  <Project Path="SimpleConsole/SimpleConsole.csproj" Id="06164c26-a2bb-42d3-8590-54246755f348" />
</Solution>
